<?xml version="1.0" encoding="UTF-8"?>
<Project ToolsVersion="14.0" xmlns="http://schemas.microsoft.com/developer/msbuild/2003">
  <ItemGroup>
    <ClCompile Include="C:\Users\Sahiti Nallagonda\Desktop\ME557\ss\assignment4_1\main_Assignment41.cpp">
      <Filter>Source Files</Filter>
    </ClCompile>
    <ClCompile Include="C:\Users\Sahiti Nallagonda\Desktop\ME557\ss\gl_common\HCI557Common.cpp">
      <Filter>Source Files</Filter>
    </ClCompile>
    <ClCompile Include="C:\Users\Sahiti Nallagonda\Desktop\ME557\ss\gl_common\controls.cpp">
      <Filter>Source Files</Filter>
    </ClCompile>
    <ClCompile Include="C:\Users\Sahiti Nallagonda\Desktop\ME557\ss\gl_common\CoordSystem.cpp">
      <Filter>Source Files</Filter>
    </ClCompile>
    <ClCompile Include="C:\Users\Sahiti Nallagonda\Desktop\ME557\ss\gl_common\GLObject.cpp">
      <Filter>Source Files</Filter>
    </ClCompile>
    <ClCompile Include="C:\Users\Sahiti Nallagonda\Desktop\ME557\ss\gl_common\GLSphere.cpp">
      <Filter>Source Files</Filter>
    </ClCompile>
    <ClCompile Include="C:\Users\Sahiti Nallagonda\Desktop\ME557\ss\gl_common\Shaders.cpp">
      <Filter>Source Files</Filter>
    </ClCompile>
    <ClCompile Include="C:\Users\Sahiti Nallagonda\Desktop\ME557\ss\gl_common\Plane3D.cpp">
      <Filter>Source Files</Filter>
    </ClCompile>
    <ClCompile Include="C:\Users\Sahiti Nallagonda\Desktop\ME557\ss\gl_common\Texture.cpp">
      <Filter>Source Files</Filter>
    </ClCompile>
    <ClCompile Include="C:\Users\Sahiti Nallagonda\Desktop\ME557\ss\gl_common\GLAppearance.cpp">
      <Filter>Source Files</Filter>
    </ClCompile>
    <ClCompile Include="C:\Users\Sahiti Nallagonda\Desktop\ME557\ss\gl_common\camera.cpp">
      <Filter>Source Files</Filter>
    </ClCompile>
  </ItemGroup>
  <ItemGroup>
    <ClInclude Include="C:\Users\Sahiti Nallagonda\Desktop\ME557\ss\gl_common\HCI557Common.h">
      <Filter>Header Files</Filter>
    </ClInclude>
    <ClInclude Include="C:\Users\Sahiti Nallagonda\Desktop\ME557\ss\gl_common\controls.h">
      <Filter>Header Files</Filter>
    </ClInclude>
    <ClInclude Include="C:\Users\Sahiti Nallagonda\Desktop\ME557\ss\gl_common\CoordSystem.h">
      <Filter>Header Files</Filter>
    </ClInclude>
    <ClInclude Include="C:\Users\Sahiti Nallagonda\Desktop\ME557\ss\gl_common\GLObject.h">
      <Filter>Header Files</Filter>
    </ClInclude>
    <ClInclude Include="C:\Users\Sahiti Nallagonda\Desktop\ME557\ss\gl_common\GLSphere.h">
      <Filter>Header Files</Filter>
    </ClInclude>
    <ClInclude Include="C:\Users\Sahiti Nallagonda\Desktop\ME557\ss\gl_common\Shaders.h">
      <Filter>Header Files</Filter>
    </ClInclude>
    <ClInclude Include="C:\Users\Sahiti Nallagonda\Desktop\ME557\ss\gl_common\Plane3D.h">
      <Filter>Header Files</Filter>
    </ClInclude>
    <ClInclude Include="C:\Users\Sahiti Nallagonda\Desktop\ME557\ss\gl_common\Texture.h">
      <Filter>Header Files</Filter>
    </ClInclude>
    <ClInclude Include="C:\Users\Sahiti Nallagonda\Desktop\ME557\ss\gl_common\HCI557Datatypes.h">
      <Filter>Header Files</Filter>
    </ClInclude>
    <ClInclude Include="C:\Users\Sahiti Nallagonda\Desktop\ME557\ss\gl_common\GLAppearanceBase.h">
      <Filter>Header Files</Filter>
    </ClInclude>
    <ClInclude Include="C:\Users\Sahiti Nallagonda\Desktop\ME557\ss\gl_common\GLAppearance.h">
      <Filter>Header Files</Filter>
    </ClInclude>
    <ClInclude Include="C:\Users\Sahiti Nallagonda\Desktop\ME557\ss\gl_common\camera.h">
      <Filter>Header Files</Filter>
    </ClInclude>
    <ClInclude Include="C:\Users\Sahiti Nallagonda\Desktop\ME557\ss\gl_common\GLObjects3D.h">
      <Filter>Header Files</Filter>
    </ClInclude>
  </ItemGroup>
  <ItemGroup>
    <CustomBuild Include="C:\Users\Sahiti Nallagonda\Desktop\ME557\ss\assignment4_1\CMakeLists.txt" />
  </ItemGroup>
  <ItemGroup>
    <Filter Include="Source Files">
      <UniqueIdentifier>{9723DEC8-27F2-3A5B-9BE8-35EE491BB9A7}</UniqueIdentifier>
    </Filter>
    <Filter Include="Header Files">
      <UniqueIdentifier>{F7F2963E-AA86-39AF-9680-57393F667975}</UniqueIdentifier>
    </Filter>
  </ItemGroup>
</Project>
