<?xml version="1.0" encoding="UTF-8"?>
<Project ToolsVersion="14.0" xmlns="http://schemas.microsoft.com/developer/msbuild/2003">
  <ItemGroup>
    <ClCompile Include="C:\Users\Sahiti Nallagonda\Desktop\ss\ass 2\02_3D_Modeling\hw2_main.cpp">
      <Filter>Source Files</Filter>
    </ClCompile>
    <ClCompile Include="C:\Users\Sahiti Nallagonda\Desktop\ss\ass 2\02_3D_Modeling\controls.cpp">
      <Filter>Source Files</Filter>
    </ClCompile>
    <ClCompile Include="C:\Users\Sahiti Nallagonda\Desktop\ss\ass 2\02_3D_Modeling\HCI557Common.cpp">
      <Filter>Source Files</Filter>
    </ClCompile>
    <ClCompile Include="C:\Users\Sahiti Nallagonda\Desktop\ss\ass 2\02_3D_Modeling\CoordSystem.cpp">
      <Filter>Source Files</Filter>
    </ClCompile>
  </ItemGroup>
  <ItemGroup>
    <ClInclude Include="C:\Users\Sahiti Nallagonda\Desktop\ss\ass 2\02_3D_Modeling\controls.h">
      <Filter>Header Files</Filter>
    </ClInclude>
    <ClInclude Include="C:\Users\Sahiti Nallagonda\Desktop\ss\ass 2\02_3D_Modeling\HCI557Common.h">
      <Filter>Header Files</Filter>
    </ClInclude>
    <ClInclude Include="C:\Users\Sahiti Nallagonda\Desktop\ss\ass 2\02_3D_Modeling\CoordSystem.h">
      <Filter>Header Files</Filter>
    </ClInclude>
  </ItemGroup>
  <ItemGroup>
    <CustomBuild Include="C:\Users\Sahiti Nallagonda\Desktop\ss\ass 2\02_3D_Modeling\CMakeLists.txt" />
  </ItemGroup>
  <ItemGroup>
    <Filter Include="Source Files">
      <UniqueIdentifier>{3963450F-C59D-3BE9-8815-E378F7257089}</UniqueIdentifier>
    </Filter>
    <Filter Include="Header Files">
      <UniqueIdentifier>{2BB79E03-0D05-399B-8E5B-F68C0FAD5326}</UniqueIdentifier>
    </Filter>
  </ItemGroup>
</Project>
