<?xml version="1.0" encoding="UTF-8"?>
<Project ToolsVersion="14.0" xmlns="http://schemas.microsoft.com/developer/msbuild/2003">
  <ItemGroup>
    <CustomBuild Include="C:\Users\Sahiti Nallagonda\Desktop\ME557\ss\assignment4_2\CMakeFiles\a8d510e815d8bad11d77062ee98390bb\generate.stamp.rule">
      <Filter>CMake Rules</Filter>
    </CustomBuild>
  </ItemGroup>
  <ItemGroup>
    <Filter Include="CMake Rules">
      <UniqueIdentifier>{A1EB7AAA-81C6-39C5-B6B5-6FC015A8E33B}</UniqueIdentifier>
    </Filter>
  </ItemGroup>
</Project>
